
Microsoft Visual Studio Solution File, Format Version 12.00
# Visual Studio Version 17
VisualStudioVersion = 17.0.31903.59
MinimumVisualStudioVersion = 10.0.40219.1
Project("{9A19103F-16F7-4668-BE54-9A1E7A4F7556}") = "StoreApp", "StoreApp\StoreApp.csproj", "{132CC14D-DA9E-4250-B9DF-8BCD281BF9DF}"
EndProject
Project("{FAE04EC0-301F-11D3-BF4B-00C04F79EFBC}") = "Entities", "Entities\Entities.csproj", "{B109A57D-6355-40BC-AE91-59F8A90DCD5F}"
EndProject
Project("{FAE04EC0-301F-11D3-BF4B-00C04F79EFBC}") = "Repositories", "Repositories\Repositories.csproj", "{B54BCAFF-F531-4E58-8535-6C83944338E4}"
EndProject
Global
	GlobalSection(SolutionConfigurationPlatforms) = preSolution
		Debug|Any CPU = Debug|Any CPU
		Release|Any CPU = Release|Any CPU
	EndGlobalSection
	GlobalSection(ProjectConfigurationPlatforms) = postSolution
		{132CC14D-DA9E-4250-B9DF-8BCD281BF9DF}.Debug|Any CPU.ActiveCfg = Debug|Any CPU
		{132CC14D-DA9E-4250-B9DF-8BCD281BF9DF}.Debug|Any CPU.Build.0 = Debug|Any CPU
		{132CC14D-DA9E-4250-B9DF-8BCD281BF9DF}.Release|Any CPU.ActiveCfg = Release|Any CPU
		{132CC14D-DA9E-4250-B9DF-8BCD281BF9DF}.Release|Any CPU.Build.0 = Release|Any CPU
		{B109A57D-6355-40BC-AE91-59F8A90DCD5F}.Debug|Any CPU.ActiveCfg = Debug|Any CPU
		{B109A57D-6355-40BC-AE91-59F8A90DCD5F}.Debug|Any CPU.Build.0 = Debug|Any CPU
		{B109A57D-6355-40BC-AE91-59F8A90DCD5F}.Release|Any CPU.ActiveCfg = Release|Any CPU
		{B109A57D-6355-40BC-AE91-59F8A90DCD5F}.Release|Any CPU.Build.0 = Release|Any CPU
		{B54BCAFF-F531-4E58-8535-6C83944338E4}.Debug|Any CPU.ActiveCfg = Debug|Any CPU
		{B54BCAFF-F531-4E58-8535-6C83944338E4}.Debug|Any CPU.Build.0 = Debug|Any CPU
		{B54BCAFF-F531-4E58-8535-6C83944338E4}.Release|Any CPU.ActiveCfg = Release|Any CPU
		{B54BCAFF-F531-4E58-8535-6C83944338E4}.Release|Any CPU.Build.0 = Release|Any CPU
	EndGlobalSection
	GlobalSection(SolutionProperties) = preSolution
		HideSolutionNode = FALSE
	EndGlobalSection
	GlobalSection(ExtensibilityGlobals) = postSolution
		SolutionGuid = {D3F43D5E-10BB-464B-9E5A-3D23C2F8D963}
	EndGlobalSection
EndGlobal
